// !$*UTF8*$!
{
	archiveVersion = 1;
	classes = {
	};
	objectVersion = 46;
	objects = {

/* Begin PBXGroup section */
		25CCDC8B1DDBFA3F004A3C11 = {
			isa = PBXGroup;
			children = (
			);
			sourceTree = "<group>";
		};
/* End PBXGroup section */

/* Begin PBXProject section */
		25CCDC8C1DDBFA3F004A3C11 /* Project object */ = {
			isa = PBXProject;
			attributes = {
				LastUpgradeCheck = 0810;
			};
			buildConfigurationList = 25CCDC8F1DDBFA3F004A3C11 /* Build configuration list for PBXProject "customers" */;
			compatibilityVersion = "Xcode 3.2";
			developmentRegion = English;
			hasScannedForEncodings = 0;
			knownRegions = (
				en,
			);
			mainGroup = 25CCDC8B1DDBFA3F004A3C11;
			projectDirPath = "";
			projectRoot = "";
			targets = (
			);
		};
/* End PBXProject section */

/* Begin XCBuildConfiguration section */
		25CCDC901DDBFA3F004A3C11 /* Debug */ = {
			isa = XCBuildConfiguration;
			buildSettings = {
			};
			name = Debug;
		};
		25CCDC911DDBFA3F004A3C11 /* Release */ = {
			isa = XCBuildConfiguration;
			buildSettings = {
			};
			name = Release;
		};
/* End XCBuildConfiguration section */

/* Begin XCConfigurationList section */
		25CCDC8F1DDBFA3F004A3C11 /* Build configuration list for PBXProject "customers" */ = {
			isa = XCConfigurationList;
			buildConfigurations = (
				25CCDC901DDBFA3F004A3C11 /* Debug */,
				25CCDC911DDBFA3F004A3C11 /* Release */,
			);
			defaultConfigurationIsVisible = 0;
			defaultConfigurationName = Release;
		};
/* End XCConfigurationList section */
	};
	rootObject = 25CCDC8C1DDBFA3F004A3C11 /* Project object */;
}
